
Microsoft Visual Studio Solution File, Format Version 12.00
# Visual Studio Version 17
VisualStudioVersion = 17.3.32922.545
MinimumVisualStudioVersion = 10.0.40219.1
Project("{FAE04EC0-301F-11D3-BF4B-00C04F79EFBC}") = "PostOfficeManagement", "PostOfficeManagement\PostOfficeManagement.csproj", "{DC015EB4-59D3-4AEC-8989-37A1D8DCA02F}"
EndProject
Global
	GlobalSection(SolutionConfigurationPlatforms) = preSolution
		Debug|Any CPU = Debug|Any CPU
		Release|Any CPU = Release|Any CPU
	EndGlobalSection
	GlobalSection(ProjectConfigurationPlatforms) = postSolution
		{DC015EB4-59D3-4AEC-8989-37A1D8DCA02F}.Debug|Any CPU.ActiveCfg = Debug|Any CPU
		{DC015EB4-59D3-4AEC-8989-37A1D8DCA02F}.Debug|Any CPU.Build.0 = Debug|Any CPU
		{DC015EB4-59D3-4AEC-8989-37A1D8DCA02F}.Release|Any CPU.ActiveCfg = Release|Any CPU
		{DC015EB4-59D3-4AEC-8989-37A1D8DCA02F}.Release|Any CPU.Build.0 = Release|Any CPU
	EndGlobalSection
	GlobalSection(SolutionProperties) = preSolution
		HideSolutionNode = FALSE
	EndGlobalSection
	GlobalSection(ExtensibilityGlobals) = postSolution
		SolutionGuid = {067B1ED6-2DD7-4593-9643-853EEB8D2F77}
	EndGlobalSection
EndGlobal
